github.com/jsonicjs/jsonic/go v0.1.22 h1:sam238fTyjDq0nby9TYS+aCCHprLl91ArQPWLCg2O0Y=
github.com/jsonicjs/jsonic/go v0.1.22/go.mod h1:ObNKlCG7esWoi4AHCpdgkILvPINV8bpvkbCd4llGGUg=
github.com/jsonicjs/yaml/go v0.1.7 h1:ERxNJK8uwGGb9VCB6cKy4BdpDoCsa/8EKiyB2Q9ast0=
github.com/jsonicjs/yaml/go v0.1.7/go.mod h1:6sXg1y+oGqBONC5BJdthWPxDfv3Q4B1dYaBudg0O3s8=
github.com/voxgig/apidef/go v0.1.1 h1:MRZf8gdr+UTzrhOHy7CPWyA6nCw/MpJlCNonDsetKD0=
github.com/voxgig/apidef/go v0.1.1/go.mod h1:ZK5ecQCOckavb0DTr9GqoV5w+aOOiOOaM8tkPd7K59I=
github.com/voxgig/struct/go v0.1.2 h1:/3Ay+oFjYBpiVMWd/OKaAPF07TV0A5nLanlV/vfft9E=
github.com/voxgig/struct/go v0.1.2/go.mod h1:vcbv/BI8QZg8wp2x1kohHNC79WaMwyH5JqskOLgjk3Q=
github.com/voxgig/util/go v0.1.1 h1:0oNYYj2ZOT9fdkbVSBBscszlp0rPOiS654KKi/J6k4M=
github.com/voxgig/util/go v0.1.1/go.mod h1:Zr2TwlGUEIzE25R2NsLawZZfqlNTrnli3RpI4ucpnYo=
golang.org/x/text v0.21.0 h1:zyQAAkrwaneQ066sspRyJaG9VNi/YJ1NfzcGB3hZ/qo=
golang.org/x/text v0.21.0/go.mod h1:4IBbMaMmOPCJ8SecivzSH54+73PCFmPWxNTLm+vZkEQ=
