github.com/aontu-lang/aontu/go v0.73.0 h1:LMTP8oE1g/x1RHMfPssOGfh1k5yQeBkoex+vzLbG3h4=
github.com/aontu-lang/aontu/go v0.73.0/go.mod h1:RbufaH/IFjfeTXT+lITOZyc80YNlc0l2QS//E6M9vN4=
github.com/jostraca/jostraca/go v0.38.0 h1:c06cnCu/5jpAeaQo35KPMskRBwUdy5qFxs/cnUYnIGE=
github.com/jostraca/jostraca/go v0.38.0/go.mod h1:sChsMPe6E2F006ZscjIXpb4tVK4LclCfMSICkYiX4M8=
github.com/mattn/go-colorable v0.1.15 h1:+u9SLTRGnXv73cEsnsmoZBom+dMU88B2M0aDcWy0/jY=
github.com/mattn/go-colorable v0.1.15/go.mod h1:6LmQG8QLFO4G5z1gPvYEzlUgJ2wF+stgPZH1UqBm1s8=
github.com/mattn/go-isatty v0.0.24 h1:tGZZoVgT/KiqK1c8ocVLeDS8BSWMRd47J3Lbz7vsReI=
github.com/mattn/go-isatty v0.0.24/go.mod h1:nMCL3Zebbrt45jsMDgnfIwz6ydEQApk5oEI3HqDio6A=
github.com/rjrodger/shape/go v0.5.3 h1:SKmAVLt/shCfhB/xovoFrp0YKsahbcbXKcZ9BJ6oNNo=
github.com/rjrodger/shape/go v0.5.3/go.mod h1:eIRkEPCxpm9msMgpWkHqRjh7IfFwNQAMvTytoA24i3M=
github.com/rs/zerolog v1.35.1 h1:m7xQeoiLIiV0BCEY4Hs+j2NG4Gp2o2KPKmhnnLiazKI=
github.com/rs/zerolog v1.35.1/go.mod h1:EjML9kdfa/RMA7h/6z6pYmq1ykOuA8/mjWaEvGI+jcw=
github.com/tabnas/abnf/go v0.4.13 h1:q2C+Wxor9uuxzz+HZSaqJLAafb60j0IamH5LefnMozE=
github.com/tabnas/abnf/go v0.4.13/go.mod h1:KtfbmRkwXGs2NUglv3vYrcCz+7OWzOLDU8r1JRUqpjc=
github.com/tabnas/bnf/go v0.1.15 h1:PotnYlOHtEhBFoq+5iKmMzXXnJ5r43nGqIk0fXrXV1k=
github.com/tabnas/bnf/go v0.1.15/go.mod h1:tB6zxlMMwYjPIq+dp9PrCAvZepF/Evt3VaTIM/4DZNs=
github.com/tabnas/debug/go v0.3.6 h1:WhVagcUtyk7lF4B30ZS9RhmRyHVupuCrJQEg7qOZCPI=
github.com/tabnas/debug/go v0.3.6/go.mod h1:taF7ArNW4PNRp/BTNBXvKUoEckXLW6KUHNCZ6i9nV7o=
github.com/tabnas/directive/go v0.5.2 h1:UrCo0Hgceu7h25KRpwIBdk1mp9xsoPdzmUqrtoz25iU=
github.com/tabnas/directive/go v0.5.2/go.mod h1:Bw5bXQ/j9GGgEC4oUSNaCYkd7JhCmvtwizRxB714CX0=
github.com/tabnas/expr/go v0.5.5 h1:mV8TB0GPzUhnW5hIcFLHy7HZpXNpUyp33C0BfgozFOk=
github.com/tabnas/expr/go v0.5.5/go.mod h1:C5LXXHwiF9e1TF9e97GfqM6cgrIqeCn8ge4vlIwPDRQ=
github.com/tabnas/hoover/go v0.3.6 h1:eMLCGGKHU0kfka8PWswujb5yNJG/E4EnnoFC2PKX7UM=
github.com/tabnas/hoover/go v0.3.6/go.mod h1:/iFrE4nlLMFsrboNUn3ZgbxohaPaZWr3z/QWvS3OMU4=
github.com/tabnas/ini/go v0.5.7 h1:7GvvQncQLZLUUOk3OTb2ra+y3GGku0i/blG8TlPRKLg=
github.com/tabnas/ini/go v0.5.7/go.mod h1:ODYBtM6x8e4UnS6rS/F6r7Da7khZ/JojI1F5MEGWhF4=
github.com/tabnas/json/go v0.5.7 h1:rgJs/3jKcH3QkNJgqyzcs5Px78jJ2fnc5F9FZ2Wmtuc=
github.com/tabnas/json/go v0.5.7/go.mod h1:8sLM+05GOiEC1gET99Pq3X2LO3AjD1SB3/EqoN7JRIg=
github.com/tabnas/json5/go v0.5.7 h1:gAcFnOWmuU6i5/XEBvqbTzWw5J77ISOoVDGmbuUJK1s=
github.com/tabnas/json5/go v0.5.7/go.mod h1:p96rxPqZuqWim6/fXDf25/LFWw5ETSIIxp9p8V0fRu0=
github.com/tabnas/jsonc/go v0.5.6 h1:kGbJxhyXT4NFndchOg/bU7H5xQGbWoIchooP5mMi6FY=
github.com/tabnas/jsonc/go v0.5.6/go.mod h1:7p/KIgvdjUAAUcU1a1rSXwZdPKEjtSh9SoJdrrk0uuk=
github.com/tabnas/jsonic/go v0.6.6 h1:GeRN7mkAvJaamnRfaZCRbTqb9mpKV4qb76eaJDMvIGI=
github.com/tabnas/jsonic/go v0.6.6/go.mod h1:T+LXLUVlXrNi0xWO1pqfl/QssiiyX+ZYrYUHq/pU9HM=
github.com/tabnas/multisource/go v0.5.2 h1:TTHe9iwnBPiDBT0qTlWDE1FQ2ppbHPA5L3dGTcbY8cc=
github.com/tabnas/multisource/go v0.5.2/go.mod h1:4kPGi4d7WRsAAz5y7EDCY5Tsagz4Y1CMZBItww/aeEY=
github.com/tabnas/parser/go v0.9.7 h1:MuteQSaP7lzatpUpQY8MKlisQnCDc5A/EC5mKcAymjc=
github.com/tabnas/parser/go v0.9.7/go.mod h1:WrlfEVyZ1QjEIowWiyEu3K1iHj7wxuPut5zoH9Trehk=
github.com/tabnas/path/go v0.3.2 h1:Gxb1Ld3nN+LNrsk3gwz0zZ+rwwTQhBtbEjpOFfKYPUY=
github.com/tabnas/path/go v0.3.2/go.mod h1:5pBxNKXbc6KcqrAm9LzZdsLQ0u0MSRqKMnfQcRS+yoc=
github.com/tabnas/support/go v0.3.4 h1:c4+byVeX5sRXJN/KBEOSfpCu5i59o6MWetVHM5MtqOA=
github.com/tabnas/support/go v0.3.4/go.mod h1:q+EGPO8fRFQAYDwRHFH4lafD5l5W/NCdY8vhN9IJOkY=
github.com/tabnas/toml/go v0.5.7 h1:wRFDMmPnFOFzduNwVoXpVNk0mm6/ZRsbT627m7XbeYo=
github.com/tabnas/toml/go v0.5.7/go.mod h1:8V6BX6o/uVXhl/ujq9WfUUO2weP2cLUAS2Z262Nz+mY=
github.com/tabnas/yaml/go v0.5.7 h1:2rzYeC3fy4+AV65+3kKf1aRq87Cc+QODQHxQo54r6TI=
github.com/tabnas/yaml/go v0.5.7/go.mod h1:unSAAv8F3nvhqydIdGoTsqCqk5BPsL/SIl94KWQ7UDU=
github.com/voxgig/apidef/go v0.12.0 h1:L8UAjinlKtjBTQ6tf26NNql/9POY2Jw19K8mjv1doPM=
github.com/voxgig/apidef/go v0.12.0/go.mod h1:ZLk+O0nEzEBlzi9jgCez7YVUEPb/TN63ayYIuIv5SMM=
github.com/voxgig/struct/go v0.1.3 h1:cKWhkgn46axcNOZfXobW8Tq61c5xYq+hZBkvL77UYaE=
github.com/voxgig/struct/go v0.1.3/go.mod h1:qBM2VlhILx79MCFDdjNID59eQY2J76DqFqkwYKgxghA=
github.com/voxgig/util/go v0.1.5 h1:VgVSSrtPi/lJ7QrDrkIScmc5MNvmiXUnMtr+ry0qfco=
github.com/voxgig/util/go v0.1.5/go.mod h1:7cwhEIWCwyov8ZyiiKmdXVTe63839uolTZy5y588jWQ=
golang.org/x/mod v0.37.0 h1:vF1DjpVEshcIqoEaauuHebaLk1O1forxjxBaVn884JQ=
golang.org/x/mod v0.37.0/go.mod h1:m8S8VeM9r4dzDwjrKO0a1sZP3YjeMamRRlD+fmR2Q/0=
golang.org/x/sys v0.47.0 h1:o7XGOvZQCADBQQ4Y7VNq2dRWQR7JmOUW8Kxx4ZsNgWs=
golang.org/x/sys v0.47.0/go.mod h1:4GL1E5IUh+htKOUEOaiffhrAeqysfVGipDYzABqnCmw=
golang.org/x/text v0.40.0 h1:Ub2Z6/xjgF1WrYQz2nuITOEegKFtiIy+rieRJ5lHZKs=
golang.org/x/text v0.40.0/go.mod h1:hpnzDAfGV753zIKo+wk3u1bVKCGPbrnF7+7LBF/UHVY=
